// !$*UTF8*$!
{
	archiveVersion = 1;
	classes = {
	};
	objectVersion = 56;
	objects = {

/* Begin PBXBuildFile section */
		AD1DE9DE2AA7594800D836EB /* CollectionViewCell.swift in Sources */ = {isa = PBXBuildFile; fileRef = AD1DE9DD2AA7594800D836EB /* CollectionViewCell.swift */; };
		AD1DE9E02AA775C100D836EB /* MainInformationView1.swift in Sources */ = {isa = PBXBuildFile; fileRef = AD1DE9DF2AA775C100D836EB /* MainInformationView1.swift */; };
		AD1DE9F72AA78B4C00D836EB /* SF-Pro-Display-Heavy.otf in Resources */ = {isa = PBXBuildFile; fileRef = AD1DE9E42AA78B4C00D836EB /* SF-Pro-Display-Heavy.otf */; };
		AD1DE9F82AA78B4C00D836EB /* SF-Pro-Display-UltralightItalic.otf in Resources */ = {isa = PBXBuildFile; fileRef = AD1DE9E52AA78B4C00D836EB /* SF-Pro-Display-UltralightItalic.otf */; };
		AD1DE9F92AA78B4C00D836EB /* SF-Pro-Display-LightItalic.otf in Resources */ = {isa = PBXBuildFile; fileRef = AD1DE9E62AA78B4C00D836EB /* SF-Pro-Display-LightItalic.otf */; };
		AD1DE9FA2AA78B4C00D836EB /* SF-Pro-Display-Black.otf in Resources */ = {isa = PBXBuildFile; fileRef = AD1DE9E72AA78B4C00D836EB /* SF-Pro-Display-Black.otf */; };
		AD1DE9FB2AA78B4C00D836EB /* SF-Pro-Display-Bold.otf in Resources */ = {isa = PBXBuildFile; fileRef = AD1DE9E82AA78B4C00D836EB /* SF-Pro-Display-Bold.otf */; };
		AD1DE9FC2AA78B4C00D836EB /* SF-Pro-Display-BoldItalic.otf in Resources */ = {isa = PBXBuildFile; fileRef = AD1DE9E92AA78B4C00D836EB /* SF-Pro-Display-BoldItalic.otf */; };
		AD1DE9FD2AA78B4C00D836EB /* SF-Pro-Display-SemiboldItalic.otf in Resources */ = {isa = PBXBuildFile; fileRef = AD1DE9EA2AA78B4C00D836EB /* SF-Pro-Display-SemiboldItalic.otf */; };
		AD1DE9FE2AA78B4C00D836EB /* SF-Pro-Display-ThinItalic.otf in Resources */ = {isa = PBXBuildFile; fileRef = AD1DE9EB2AA78B4C00D836EB /* SF-Pro-Display-ThinItalic.otf */; };
		AD1DE9FF2AA78B4C00D836EB /* SF-Pro-Display-HeavyItalic.otf in Resources */ = {isa = PBXBuildFile; fileRef = AD1DE9EC2AA78B4C00D836EB /* SF-Pro-Display-HeavyItalic.otf */; };
		AD1DEA002AA78B4C00D836EB /* SF-Pro-Display-Regular.otf in Resources */ = {isa = PBXBuildFile; fileRef = AD1DE9ED2AA78B4C00D836EB /* SF-Pro-Display-Regular.otf */; };
		AD1DEA012AA78B4C00D836EB /* SF-Pro-Display-MediumItalic.otf in Resources */ = {isa = PBXBuildFile; fileRef = AD1DE9EE2AA78B4C00D836EB /* SF-Pro-Display-MediumItalic.otf */; };
		AD1DEA022AA78B4C00D836EB /* SF-Pro-Display-Semibold.otf in Resources */ = {isa = PBXBuildFile; fileRef = AD1DE9EF2AA78B4C00D836EB /* SF-Pro-Display-Semibold.otf */; };
		AD1DEA032AA78B4C00D836EB /* SF-Pro-Display-Light.otf in Resources */ = {isa = PBXBuildFile; fileRef = AD1DE9F02AA78B4C00D836EB /* SF-Pro-Display-Light.otf */; };
		AD1DEA042AA78B4C00D836EB /* SF-Pro-Display-RegularItalic.otf in Resources */ = {isa = PBXBuildFile; fileRef = AD1DE9F12AA78B4C00D836EB /* SF-Pro-Display-RegularItalic.otf */; };
		AD1DEA052AA78B4C00D836EB /* SF-Pro-Display-BlackItalic.otf in Resources */ = {isa = PBXBuildFile; fileRef = AD1DE9F22AA78B4C00D836EB /* SF-Pro-Display-BlackItalic.otf */; };
		AD1DEA062AA78B4C00D836EB /* SF-Pro-Display-Thin.otf in Resources */ = {isa = PBXBuildFile; fileRef = AD1DE9F32AA78B4C00D836EB /* SF-Pro-Display-Thin.otf */; };
		AD1DEA072AA78B4C00D836EB /* SFPro_Font_License.rtf in Resources */ = {isa = PBXBuildFile; fileRef = AD1DE9F42AA78B4C00D836EB /* SFPro_Font_License.rtf */; };
		AD1DEA082AA78B4C00D836EB /* SF-Pro-Display-Ultralight.otf in Resources */ = {isa = PBXBuildFile; fileRef = AD1DE9F52AA78B4C00D836EB /* SF-Pro-Display-Ultralight.otf */; };
		AD1DEA092AA78B4C00D836EB /* SF-Pro-Display-Medium.otf in Resources */ = {isa = PBXBuildFile; fileRef = AD1DE9F62AA78B4C00D836EB /* SF-Pro-Display-Medium.otf */; };
		AD1DEA0D2AA841BA00D836EB /* Hotel.swift in Sources */ = {isa = PBXBuildFile; fileRef = AD1DEA0C2AA841BA00D836EB /* Hotel.swift */; };
		AD1DEA0F2AA8AC7F00D836EB /* NetworkManager.swift in Sources */ = {isa = PBXBuildFile; fileRef = AD1DEA0E2AA8AC7F00D836EB /* NetworkManager.swift */; };
		AD1DEA112AA9E67800D836EB /* AdditionInformationView.swift in Sources */ = {isa = PBXBuildFile; fileRef = AD1DEA102AA9E67800D836EB /* AdditionInformationView.swift */; };
		AD1DEA162AA9F9AE00D836EB /* TableViewCell.swift in Sources */ = {isa = PBXBuildFile; fileRef = AD1DEA152AA9F9AE00D836EB /* TableViewCell.swift */; };
		AD1DEA1A2AAA147700D836EB /* RoomsViewController.swift in Sources */ = {isa = PBXBuildFile; fileRef = AD1DEA192AAA147700D836EB /* RoomsViewController.swift */; };
		AD1DEA1C2AAA2C1500D836EB /* RoomTableViewCell.swift in Sources */ = {isa = PBXBuildFile; fileRef = AD1DEA1B2AAA2C1500D836EB /* RoomTableViewCell.swift */; };
		AD1DEA1E2AAA3AC600D836EB /* ReservationViewController.swift in Sources */ = {isa = PBXBuildFile; fileRef = AD1DEA1D2AAA3AC600D836EB /* ReservationViewController.swift */; };
		AD1DEA202AAA40AE00D836EB /* Room.swift in Sources */ = {isa = PBXBuildFile; fileRef = AD1DEA1F2AAA40AE00D836EB /* Room.swift */; };
		AD5CECC32AAB0BCF00FA5B67 /* MainInformationView2.swift in Sources */ = {isa = PBXBuildFile; fileRef = AD5CECC22AAB0BCF00FA5B67 /* MainInformationView2.swift */; };
		AD5CECC82AAB106700FA5B67 /* ReservationDataView.swift in Sources */ = {isa = PBXBuildFile; fileRef = AD5CECC72AAB106700FA5B67 /* ReservationDataView.swift */; };
		ADBD688D2AA63267005CC2E4 /* AppDelegate.swift in Sources */ = {isa = PBXBuildFile; fileRef = ADBD688C2AA63267005CC2E4 /* AppDelegate.swift */; };
		ADBD688F2AA63267005CC2E4 /* SceneDelegate.swift in Sources */ = {isa = PBXBuildFile; fileRef = ADBD688E2AA63267005CC2E4 /* SceneDelegate.swift */; };
		ADBD68912AA63267005CC2E4 /* ViewController.swift in Sources */ = {isa = PBXBuildFile; fileRef = ADBD68902AA63267005CC2E4 /* ViewController.swift */; };
		ADBD68962AA63268005CC2E4 /* Assets.xcassets in Resources */ = {isa = PBXBuildFile; fileRef = ADBD68952AA63268005CC2E4 /* Assets.xcassets */; };
		ADBD68992AA63268005CC2E4 /* LaunchScreen.storyboard in Resources */ = {isa = PBXBuildFile; fileRef = ADBD68972AA63268005CC2E4 /* LaunchScreen.storyboard */; };
/* End PBXBuildFile section */

/* Begin PBXFileReference section */
		AD1DE9DD2AA7594800D836EB /* CollectionViewCell.swift */ = {isa = PBXFileReference; lastKnownFileType = sourcecode.swift; path = CollectionViewCell.swift; sourceTree = "<group>"; };
		AD1DE9DF2AA775C100D836EB /* MainInformationView1.swift */ = {isa = PBXFileReference; lastKnownFileType = sourcecode.swift; path = MainInformationView1.swift; sourceTree = "<group>"; };
		AD1DE9E42AA78B4C00D836EB /* SF-Pro-Display-Heavy.otf */ = {isa = PBXFileReference; lastKnownFileType = file; path = "SF-Pro-Display-Heavy.otf"; sourceTree = "<group>"; };
		AD1DE9E52AA78B4C00D836EB /* SF-Pro-Display-UltralightItalic.otf */ = {isa = PBXFileReference; lastKnownFileType = file; path = "SF-Pro-Display-UltralightItalic.otf"; sourceTree = "<group>"; };
		AD1DE9E62AA78B4C00D836EB /* SF-Pro-Display-LightItalic.otf */ = {isa = PBXFileReference; lastKnownFileType = file; path = "SF-Pro-Display-LightItalic.otf"; sourceTree = "<group>"; };
		AD1DE9E72AA78B4C00D836EB /* SF-Pro-Display-Black.otf */ = {isa = PBXFileReference; lastKnownFileType = file; path = "SF-Pro-Display-Black.otf"; sourceTree = "<group>"; };
		AD1DE9E82AA78B4C00D836EB /* SF-Pro-Display-Bold.otf */ = {isa = PBXFileReference; lastKnownFileType = file; path = "SF-Pro-Display-Bold.otf"; sourceTree = "<group>"; };
		AD1DE9E92AA78B4C00D836EB /* SF-Pro-Display-BoldItalic.otf */ = {isa = PBXFileReference; lastKnownFileType = file; path = "SF-Pro-Display-BoldItalic.otf"; sourceTree = "<group>"; };
		AD1DE9EA2AA78B4C00D836EB /* SF-Pro-Display-SemiboldItalic.otf */ = {isa = PBXFileReference; lastKnownFileType = file; path = "SF-Pro-Display-SemiboldItalic.otf"; sourceTree = "<group>"; };
		AD1DE9EB2AA78B4C00D836EB /* SF-Pro-Display-ThinItalic.otf */ = {isa = PBXFileReference; lastKnownFileType = file; path = "SF-Pro-Display-ThinItalic.otf"; sourceTree = "<group>"; };
		AD1DE9EC2AA78B4C00D836EB /* SF-Pro-Display-HeavyItalic.otf */ = {isa = PBXFileReference; lastKnownFileType = file; path = "SF-Pro-Display-HeavyItalic.otf"; sourceTree = "<group>"; };
		AD1DE9ED2AA78B4C00D836EB /* SF-Pro-Display-Regular.otf */ = {isa = PBXFileReference; lastKnownFileType = file; path = "SF-Pro-Display-Regular.otf"; sourceTree = "<group>"; };
		AD1DE9EE2AA78B4C00D836EB /* SF-Pro-Display-MediumItalic.otf */ = {isa = PBXFileReference; lastKnownFileType = file; path = "SF-Pro-Display-MediumItalic.otf"; sourceTree = "<group>"; };
		AD1DE9EF2AA78B4C00D836EB /* SF-Pro-Display-Semibold.otf */ = {isa = PBXFileReference; lastKnownFileType = file; path = "SF-Pro-Display-Semibold.otf"; sourceTree = "<group>"; };
		AD1DE9F02AA78B4C00D836EB /* SF-Pro-Display-Light.otf */ = {isa = PBXFileReference; lastKnownFileType = file; path = "SF-Pro-Display-Light.otf"; sourceTree = "<group>"; };
		AD1DE9F12AA78B4C00D836EB /* SF-Pro-Display-RegularItalic.otf */ = {isa = PBXFileReference; lastKnownFileType = file; path = "SF-Pro-Display-RegularItalic.otf"; sourceTree = "<group>"; };
		AD1DE9F22AA78B4C00D836EB /* SF-Pro-Display-BlackItalic.otf */ = {isa = PBXFileReference; lastKnownFileType = file; path = "SF-Pro-Display-BlackItalic.otf"; sourceTree = "<group>"; };
		AD1DE9F32AA78B4C00D836EB /* SF-Pro-Display-Thin.otf */ = {isa = PBXFileReference; lastKnownFileType = file; path = "SF-Pro-Display-Thin.otf"; sourceTree = "<group>"; };
		AD1DE9F42AA78B4C00D836EB /* SFPro_Font_License.rtf */ = {isa = PBXFileReference; fileEncoding = 4; lastKnownFileType = text.rtf; path = SFPro_Font_License.rtf; sourceTree = "<group>"; };
		AD1DE9F52AA78B4C00D836EB /* SF-Pro-Display-Ultralight.otf */ = {isa = PBXFileReference; lastKnownFileType = file; path = "SF-Pro-Display-Ultralight.otf"; sourceTree = "<group>"; };
		AD1DE9F62AA78B4C00D836EB /* SF-Pro-Display-Medium.otf */ = {isa = PBXFileReference; lastKnownFileType = file; path = "SF-Pro-Display-Medium.otf"; sourceTree = "<group>"; };
		AD1DEA0C2AA841BA00D836EB /* Hotel.swift */ = {isa = PBXFileReference; lastKnownFileType = sourcecode.swift; path = Hotel.swift; sourceTree = "<group>"; };
		AD1DEA0E2AA8AC7F00D836EB /* NetworkManager.swift */ = {isa = PBXFileReference; lastKnownFileType = sourcecode.swift; path = NetworkManager.swift; sourceTree = "<group>"; };
		AD1DEA102AA9E67800D836EB /* AdditionInformationView.swift */ = {isa = PBXFileReference; lastKnownFileType = sourcecode.swift; path = AdditionInformationView.swift; sourceTree = "<group>"; };
		AD1DEA152AA9F9AE00D836EB /* TableViewCell.swift */ = {isa = PBXFileReference; lastKnownFileType = sourcecode.swift; path = TableViewCell.swift; sourceTree = "<group>"; };
		AD1DEA192AAA147700D836EB /* RoomsViewController.swift */ = {isa = PBXFileReference; lastKnownFileType = sourcecode.swift; path = RoomsViewController.swift; sourceTree = "<group>"; };
		AD1DEA1B2AAA2C1500D836EB /* RoomTableViewCell.swift */ = {isa = PBXFileReference; lastKnownFileType = sourcecode.swift; path = RoomTableViewCell.swift; sourceTree = "<group>"; };
		AD1DEA1D2AAA3AC600D836EB /* ReservationViewController.swift */ = {isa = PBXFileReference; lastKnownFileType = sourcecode.swift; path = ReservationViewController.swift; sourceTree = "<group>"; };
		AD1DEA1F2AAA40AE00D836EB /* Room.swift */ = {isa = PBXFileReference; lastKnownFileType = sourcecode.swift; path = Room.swift; sourceTree = "<group>"; };
		AD5CECC22AAB0BCF00FA5B67 /* MainInformationView2.swift */ = {isa = PBXFileReference; lastKnownFileType = sourcecode.swift; path = MainInformationView2.swift; sourceTree = "<group>"; };
		AD5CECC72AAB106700FA5B67 /* ReservationDataView.swift */ = {isa = PBXFileReference; lastKnownFileType = sourcecode.swift; path = ReservationDataView.swift; sourceTree = "<group>"; };
		ADBD68892AA63267005CC2E4 /* HotelsApp.app */ = {isa = PBXFileReference; explicitFileType = wrapper.application; includeInIndex = 0; path = HotelsApp.app; sourceTree = BUILT_PRODUCTS_DIR; };
		ADBD688C2AA63267005CC2E4 /* AppDelegate.swift */ = {isa = PBXFileReference; lastKnownFileType = sourcecode.swift; path = AppDelegate.swift; sourceTree = "<group>"; };
		ADBD688E2AA63267005CC2E4 /* SceneDelegate.swift */ = {isa = PBXFileReference; lastKnownFileType = sourcecode.swift; path = SceneDelegate.swift; sourceTree = "<group>"; };
		ADBD68902AA63267005CC2E4 /* ViewController.swift */ = {isa = PBXFileReference; lastKnownFileType = sourcecode.swift; path = ViewController.swift; sourceTree = "<group>"; };
		ADBD68952AA63268005CC2E4 /* Assets.xcassets */ = {isa = PBXFileReference; lastKnownFileType = folder.assetcatalog; path = Assets.xcassets; sourceTree = "<group>"; };
		ADBD68982AA63268005CC2E4 /* Base */ = {isa = PBXFileReference; lastKnownFileType = file.storyboard; name = Base; path = Base.lproj/LaunchScreen.storyboard; sourceTree = "<group>"; };
		ADBD689A2AA63268005CC2E4 /* Info.plist */ = {isa = PBXFileReference; lastKnownFileType = text.plist.xml; path = Info.plist; sourceTree = "<group>"; };
/* End PBXFileReference section */

/* Begin PBXFrameworksBuildPhase section */
		ADBD68862AA63267005CC2E4 /* Frameworks */ = {
			isa = PBXFrameworksBuildPhase;
			buildActionMask = 2147483647;
			files = (
			);
			runOnlyForDeploymentPostprocessing = 0;
		};
/* End PBXFrameworksBuildPhase section */

/* Begin PBXGroup section */
		AD1DE9E12AA775C600D836EB /* Views */ = {
			isa = PBXGroup;
			children = (
				AD5CECC42AAB0BDB00FA5B67 /* Screen3 */,
				AD5CECC52AAB0C2C00FA5B67 /* Screen2 */,
				AD5CECC62AAB0C3E00FA5B67 /* Screen1 */,
			);
			path = Views;
			sourceTree = "<group>";
		};
		AD1DE9E22AA775F400D836EB /* Cells */ = {
			isa = PBXGroup;
			children = (
				AD1DE9DD2AA7594800D836EB /* CollectionViewCell.swift */,
				AD1DEA152AA9F9AE00D836EB /* TableViewCell.swift */,
				AD1DEA1B2AAA2C1500D836EB /* RoomTableViewCell.swift */,
			);
			path = Cells;
			sourceTree = "<group>";
		};
		AD1DE9E32AA78AE400D836EB /* Fonts */ = {
			isa = PBXGroup;
			children = (
				AD1DE9E72AA78B4C00D836EB /* SF-Pro-Display-Black.otf */,
				AD1DE9F22AA78B4C00D836EB /* SF-Pro-Display-BlackItalic.otf */,
				AD1DE9E82AA78B4C00D836EB /* SF-Pro-Display-Bold.otf */,
				AD1DE9E92AA78B4C00D836EB /* SF-Pro-Display-BoldItalic.otf */,
				AD1DE9E42AA78B4C00D836EB /* SF-Pro-Display-Heavy.otf */,
				AD1DE9EC2AA78B4C00D836EB /* SF-Pro-Display-HeavyItalic.otf */,
				AD1DE9F02AA78B4C00D836EB /* SF-Pro-Display-Light.otf */,
				AD1DE9E62AA78B4C00D836EB /* SF-Pro-Display-LightItalic.otf */,
				AD1DE9F62AA78B4C00D836EB /* SF-Pro-Display-Medium.otf */,
				AD1DE9EE2AA78B4C00D836EB /* SF-Pro-Display-MediumItalic.otf */,
				AD1DE9ED2AA78B4C00D836EB /* SF-Pro-Display-Regular.otf */,
				AD1DE9F12AA78B4C00D836EB /* SF-Pro-Display-RegularItalic.otf */,
				AD1DE9EF2AA78B4C00D836EB /* SF-Pro-Display-Semibold.otf */,
				AD1DE9EA2AA78B4C00D836EB /* SF-Pro-Display-SemiboldItalic.otf */,
				AD1DE9F32AA78B4C00D836EB /* SF-Pro-Display-Thin.otf */,
				AD1DE9EB2AA78B4C00D836EB /* SF-Pro-Display-ThinItalic.otf */,
				AD1DE9F52AA78B4C00D836EB /* SF-Pro-Display-Ultralight.otf */,
				AD1DE9E52AA78B4C00D836EB /* SF-Pro-Display-UltralightItalic.otf */,
				AD1DE9F42AA78B4C00D836EB /* SFPro_Font_License.rtf */,
			);
			path = Fonts;
			sourceTree = "<group>";
		};
		AD1DEA0A2AA8419900D836EB /* Model */ = {
			isa = PBXGroup;
			children = (
				AD1DEA0C2AA841BA00D836EB /* Hotel.swift */,
				AD1DEA1F2AAA40AE00D836EB /* Room.swift */,
			);
			path = Model;
			sourceTree = "<group>";
		};
		AD1DEA0B2AA841A700D836EB /* NetworkManager */ = {
			isa = PBXGroup;
			children = (
				AD1DEA0E2AA8AC7F00D836EB /* NetworkManager.swift */,
			);
			path = NetworkManager;
			sourceTree = "<group>";
		};
		AD1DEA122AA9E6B400D836EB /* App */ = {
			isa = PBXGroup;
			children = (
				ADBD688C2AA63267005CC2E4 /* AppDelegate.swift */,
				ADBD688E2AA63267005CC2E4 /* SceneDelegate.swift */,
			);
			path = App;
			sourceTree = "<group>";
		};
		AD5CECC42AAB0BDB00FA5B67 /* Screen3 */ = {
			isa = PBXGroup;
			children = (
				AD1DEA1D2AAA3AC600D836EB /* ReservationViewController.swift */,
				AD5CECC22AAB0BCF00FA5B67 /* MainInformationView2.swift */,
				AD5CECC72AAB106700FA5B67 /* ReservationDataView.swift */,
			);
			path = Screen3;
			sourceTree = "<group>";
		};
		AD5CECC52AAB0C2C00FA5B67 /* Screen2 */ = {
			isa = PBXGroup;
			children = (
				AD1DEA192AAA147700D836EB /* RoomsViewController.swift */,
			);
			path = Screen2;
			sourceTree = "<group>";
		};
		AD5CECC62AAB0C3E00FA5B67 /* Screen1 */ = {
			isa = PBXGroup;
			children = (
				ADBD68902AA63267005CC2E4 /* ViewController.swift */,
				AD1DE9DF2AA775C100D836EB /* MainInformationView1.swift */,
				AD1DEA102AA9E67800D836EB /* AdditionInformationView.swift */,
			);
			path = Screen1;
			sourceTree = "<group>";
		};
		ADBD68802AA63267005CC2E4 = {
			isa = PBXGroup;
			children = (
				ADBD688B2AA63267005CC2E4 /* HotelsApp */,
				ADBD688A2AA63267005CC2E4 /* Products */,
			);
			sourceTree = "<group>";
		};
		ADBD688A2AA63267005CC2E4 /* Products */ = {
			isa = PBXGroup;
			children = (
				ADBD68892AA63267005CC2E4 /* HotelsApp.app */,
			);
			name = Products;
			sourceTree = "<group>";
		};
		ADBD688B2AA63267005CC2E4 /* HotelsApp */ = {
			isa = PBXGroup;
			children = (
				AD1DEA0B2AA841A700D836EB /* NetworkManager */,
				AD1DEA0A2AA8419900D836EB /* Model */,
				AD1DEA122AA9E6B400D836EB /* App */,
				AD1DE9E12AA775C600D836EB /* Views */,
				AD1DE9E22AA775F400D836EB /* Cells */,
				ADBD68952AA63268005CC2E4 /* Assets.xcassets */,
				ADBD68972AA63268005CC2E4 /* LaunchScreen.storyboard */,
				ADBD689A2AA63268005CC2E4 /* Info.plist */,
				AD1DE9E32AA78AE400D836EB /* Fonts */,
			);
			path = HotelsApp;
			sourceTree = "<group>";
		};
/* End PBXGroup section */

/* Begin PBXNativeTarget section */
		ADBD68882AA63267005CC2E4 /* HotelsApp */ = {
			isa = PBXNativeTarget;
			buildConfigurationList = ADBD689D2AA63268005CC2E4 /* Build configuration list for PBXNativeTarget "HotelsApp" */;
			buildPhases = (
				ADBD68852AA63267005CC2E4 /* Sources */,
				ADBD68862AA63267005CC2E4 /* Frameworks */,
				ADBD68872AA63267005CC2E4 /* Resources */,
			);
			buildRules = (
			);
			dependencies = (
			);
			name = HotelsApp;
			productName = HotelsApp;
			productReference = ADBD68892AA63267005CC2E4 /* HotelsApp.app */;
			productType = "com.apple.product-type.application";
		};
/* End PBXNativeTarget section */

/* Begin PBXProject section */
		ADBD68812AA63267005CC2E4 /* Project object */ = {
			isa = PBXProject;
			attributes = {
				BuildIndependentTargetsInParallel = 1;
				LastSwiftUpdateCheck = 1430;
				LastUpgradeCheck = 1430;
				TargetAttributes = {
					ADBD68882AA63267005CC2E4 = {
						CreatedOnToolsVersion = 14.3.1;
					};
				};
			};
			buildConfigurationList = ADBD68842AA63267005CC2E4 /* Build configuration list for PBXProject "HotelsApp" */;
			compatibilityVersion = "Xcode 14.0";
			developmentRegion = en;
			hasScannedForEncodings = 0;
			knownRegions = (
				en,
				Base,
			);
			mainGroup = ADBD68802AA63267005CC2E4;
			productRefGroup = ADBD688A2AA63267005CC2E4 /* Products */;
			projectDirPath = "";
			projectRoot = "";
			targets = (
				ADBD68882AA63267005CC2E4 /* HotelsApp */,
			);
		};
/* End PBXProject section */

/* Begin PBXResourcesBuildPhase section */
		ADBD68872AA63267005CC2E4 /* Resources */ = {
			isa = PBXResourcesBuildPhase;
			buildActionMask = 2147483647;
			files = (
				ADBD68992AA63268005CC2E4 /* LaunchScreen.storyboard in Resources */,
				AD1DEA052AA78B4C00D836EB /* SF-Pro-Display-BlackItalic.otf in Resources */,
				AD1DEA062AA78B4C00D836EB /* SF-Pro-Display-Thin.otf in Resources */,
				AD1DEA032AA78B4C00D836EB /* SF-Pro-Display-Light.otf in Resources */,
				ADBD68962AA63268005CC2E4 /* Assets.xcassets in Resources */,
				AD1DE9FC2AA78B4C00D836EB /* SF-Pro-Display-BoldItalic.otf in Resources */,
				AD1DEA092AA78B4C00D836EB /* SF-Pro-Display-Medium.otf in Resources */,
				AD1DE9F92AA78B4C00D836EB /* SF-Pro-Display-LightItalic.otf in Resources */,
				AD1DEA082AA78B4C00D836EB /* SF-Pro-Display-Ultralight.otf in Resources */,
				AD1DE9FF2AA78B4C00D836EB /* SF-Pro-Display-HeavyItalic.otf in Resources */,
				AD1DE9F72AA78B4C00D836EB /* SF-Pro-Display-Heavy.otf in Resources */,
				AD1DEA012AA78B4C00D836EB /* SF-Pro-Display-MediumItalic.otf in Resources */,
				AD1DE9FD2AA78B4C00D836EB /* SF-Pro-Display-SemiboldItalic.otf in Resources */,
				AD1DE9FB2AA78B4C00D836EB /* SF-Pro-Display-Bold.otf in Resources */,
				AD1DE9F82AA78B4C00D836EB /* SF-Pro-Display-UltralightItalic.otf in Resources */,
				AD1DEA022AA78B4C00D836EB /* SF-Pro-Display-Semibold.otf in Resources */,
				AD1DEA072AA78B4C00D836EB /* SFPro_Font_License.rtf in Resources */,
				AD1DEA042AA78B4C00D836EB /* SF-Pro-Display-RegularItalic.otf in Resources */,
				AD1DE9FE2AA78B4C00D836EB /* SF-Pro-Display-ThinItalic.otf in Resources */,
				AD1DEA002AA78B4C00D836EB /* SF-Pro-Display-Regular.otf in Resources */,
				AD1DE9FA2AA78B4C00D836EB /* SF-Pro-Display-Black.otf in Resources */,
			);
			runOnlyForDeploymentPostprocessing = 0;
		};
/* End PBXResourcesBuildPhase section */

/* Begin PBXSourcesBuildPhase section */
		ADBD68852AA63267005CC2E4 /* Sources */ = {
			isa = PBXSourcesBuildPhase;
			buildActionMask = 2147483647;
			files = (
				AD1DEA0D2AA841BA00D836EB /* Hotel.swift in Sources */,
				AD1DE9E02AA775C100D836EB /* MainInformationView1.swift in Sources */,
				ADBD68912AA63267005CC2E4 /* ViewController.swift in Sources */,
				AD1DEA162AA9F9AE00D836EB /* TableViewCell.swift in Sources */,
				AD1DEA0F2AA8AC7F00D836EB /* NetworkManager.swift in Sources */,
				ADBD688D2AA63267005CC2E4 /* AppDelegate.swift in Sources */,
				AD1DEA202AAA40AE00D836EB /* Room.swift in Sources */,
				AD1DEA1A2AAA147700D836EB /* RoomsViewController.swift in Sources */,
				AD1DEA1C2AAA2C1500D836EB /* RoomTableViewCell.swift in Sources */,
				AD1DEA112AA9E67800D836EB /* AdditionInformationView.swift in Sources */,
				AD1DE9DE2AA7594800D836EB /* CollectionViewCell.swift in Sources */,
				ADBD688F2AA63267005CC2E4 /* SceneDelegate.swift in Sources */,
				AD1DEA1E2AAA3AC600D836EB /* ReservationViewController.swift in Sources */,
				AD5CECC32AAB0BCF00FA5B67 /* MainInformationView2.swift in Sources */,
				AD5CECC82AAB106700FA5B67 /* ReservationDataView.swift in Sources */,
			);
			runOnlyForDeploymentPostprocessing = 0;
		};
/* End PBXSourcesBuildPhase section */

/* Begin PBXVariantGroup section */
		ADBD68972AA63268005CC2E4 /* LaunchScreen.storyboard */ = {
			isa = PBXVariantGroup;
			children = (
				ADBD68982AA63268005CC2E4 /* Base */,
			);
			name = LaunchScreen.storyboard;
			sourceTree = "<group>";
		};
/* End PBXVariantGroup section */

/* Begin XCBuildConfiguration section */
		ADBD689B2AA63268005CC2E4 /* Debug */ = {
			isa = XCBuildConfiguration;
			buildSettings = {
				ALWAYS_SEARCH_USER_PATHS = NO;
				CLANG_ANALYZER_NONNULL = YES;
				CLANG_ANALYZER_NUMBER_OBJECT_CONVERSION = YES_AGGRESSIVE;
				CLANG_CXX_LANGUAGE_STANDARD = "gnu++20";
				CLANG_ENABLE_MODULES = YES;
				CLANG_ENABLE_OBJC_ARC = YES;
				CLANG_ENABLE_OBJC_WEAK = YES;
				CLANG_WARN_BLOCK_CAPTURE_AUTORELEASING = YES;
				CLANG_WARN_BOOL_CONVERSION = YES;
				CLANG_WARN_COMMA = YES;
				CLANG_WARN_CONSTANT_CONVERSION = YES;
				CLANG_WARN_DEPRECATED_OBJC_IMPLEMENTATIONS = YES;
				CLANG_WARN_DIRECT_OBJC_ISA_USAGE = YES_ERROR;
				CLANG_WARN_DOCUMENTATION_COMMENTS = YES;
				CLANG_WARN_EMPTY_BODY = YES;
				CLANG_WARN_ENUM_CONVERSION = YES;
				CLANG_WARN_INFINITE_RECURSION = YES;
				CLANG_WARN_INT_CONVERSION = YES;
				CLANG_WARN_NON_LITERAL_NULL_CONVERSION = YES;
				CLANG_WARN_OBJC_IMPLICIT_RETAIN_SELF = YES;
				CLANG_WARN_OBJC_LITERAL_CONVERSION = YES;
				CLANG_WARN_OBJC_ROOT_CLASS = YES_ERROR;
				CLANG_WARN_QUOTED_INCLUDE_IN_FRAMEWORK_HEADER = YES;
				CLANG_WARN_RANGE_LOOP_ANALYSIS = YES;
				CLANG_WARN_STRICT_PROTOTYPES = YES;
				CLANG_WARN_SUSPICIOUS_MOVE = YES;
				CLANG_WARN_UNGUARDED_AVAILABILITY = YES_AGGRESSIVE;
				CLANG_WARN_UNREACHABLE_CODE = YES;
				CLANG_WARN__DUPLICATE_METHOD_MATCH = YES;
				COPY_PHASE_STRIP = NO;
				DEBUG_INFORMATION_FORMAT = dwarf;
				ENABLE_STRICT_OBJC_MSGSEND = YES;
				ENABLE_TESTABILITY = YES;
				GCC_C_LANGUAGE_STANDARD = gnu11;
				GCC_DYNAMIC_NO_PIC = NO;
				GCC_NO_COMMON_BLOCKS = YES;
				GCC_OPTIMIZATION_LEVEL = 0;
				GCC_PREPROCESSOR_DEFINITIONS = (
					"DEBUG=1",
					"$(inherited)",
				);
				GCC_WARN_64_TO_32_BIT_CONVERSION = YES;
				GCC_WARN_ABOUT_RETURN_TYPE = YES_ERROR;
				GCC_WARN_UNDECLARED_SELECTOR = YES;
				GCC_WARN_UNINITIALIZED_AUTOS = YES_AGGRESSIVE;
				GCC_WARN_UNUSED_FUNCTION = YES;
				GCC_WARN_UNUSED_VARIABLE = YES;
				IPHONEOS_DEPLOYMENT_TARGET = 16.4;
				MTL_ENABLE_DEBUG_INFO = INCLUDE_SOURCE;
				MTL_FAST_MATH = YES;
				ONLY_ACTIVE_ARCH = YES;
				SDKROOT = iphoneos;
				SWIFT_ACTIVE_COMPILATION_CONDITIONS = DEBUG;
				SWIFT_OPTIMIZATION_LEVEL = "-Onone";
			};
			name = Debug;
		};
		ADBD689C2AA63268005CC2E4 /* Release */ = {
			isa = XCBuildConfiguration;
			buildSettings = {
				ALWAYS_SEARCH_USER_PATHS = NO;
				CLANG_ANALYZER_NONNULL = YES;
				CLANG_ANALYZER_NUMBER_OBJECT_CONVERSION = YES_AGGRESSIVE;
				CLANG_CXX_LANGUAGE_STANDARD = "gnu++20";
				CLANG_ENABLE_MODULES = YES;
				CLANG_ENABLE_OBJC_ARC = YES;
				CLANG_ENABLE_OBJC_WEAK = YES;
				CLANG_WARN_BLOCK_CAPTURE_AUTORELEASING = YES;
				CLANG_WARN_BOOL_CONVERSION = YES;
				CLANG_WARN_COMMA = YES;
				CLANG_WARN_CONSTANT_CONVERSION = YES;
				CLANG_WARN_DEPRECATED_OBJC_IMPLEMENTATIONS = YES;
				CLANG_WARN_DIRECT_OBJC_ISA_USAGE = YES_ERROR;
				CLANG_WARN_DOCUMENTATION_COMMENTS = YES;
				CLANG_WARN_EMPTY_BODY = YES;
				CLANG_WARN_ENUM_CONVERSION = YES;
				CLANG_WARN_INFINITE_RECURSION = YES;
				CLANG_WARN_INT_CONVERSION = YES;
				CLANG_WARN_NON_LITERAL_NULL_CONVERSION = YES;
				CLANG_WARN_OBJC_IMPLICIT_RETAIN_SELF = YES;
				CLANG_WARN_OBJC_LITERAL_CONVERSION = YES;
				CLANG_WARN_OBJC_ROOT_CLASS = YES_ERROR;
				CLANG_WARN_QUOTED_INCLUDE_IN_FRAMEWORK_HEADER = YES;
				CLANG_WARN_RANGE_LOOP_ANALYSIS = YES;
				CLANG_WARN_STRICT_PROTOTYPES = YES;
				CLANG_WARN_SUSPICIOUS_MOVE = YES;
				CLANG_WARN_UNGUARDED_AVAILABILITY = YES_AGGRESSIVE;
				CLANG_WARN_UNREACHABLE_CODE = YES;
				CLANG_WARN__DUPLICATE_METHOD_MATCH = YES;
				COPY_PHASE_STRIP = NO;
				DEBUG_INFORMATION_FORMAT = "dwarf-with-dsym";
				ENABLE_NS_ASSERTIONS = NO;
				ENABLE_STRICT_OBJC_MSGSEND = YES;
				GCC_C_LANGUAGE_STANDARD = gnu11;
				GCC_NO_COMMON_BLOCKS = YES;
				GCC_WARN_64_TO_32_BIT_CONVERSION = YES;
				GCC_WARN_ABOUT_RETURN_TYPE = YES_ERROR;
				GCC_WARN_UNDECLARED_SELECTOR = YES;
				GCC_WARN_UNINITIALIZED_AUTOS = YES_AGGRESSIVE;
				GCC_WARN_UNUSED_FUNCTION = YES;
				GCC_WARN_UNUSED_VARIABLE = YES;
				IPHONEOS_DEPLOYMENT_TARGET = 16.4;
				MTL_ENABLE_DEBUG_INFO = NO;
				MTL_FAST_MATH = YES;
				SDKROOT = iphoneos;
				SWIFT_COMPILATION_MODE = wholemodule;
				SWIFT_OPTIMIZATION_LEVEL = "-O";
				VALIDATE_PRODUCT = YES;
			};
			name = Release;
		};
		ADBD689E2AA63268005CC2E4 /* Debug */ = {
			isa = XCBuildConfiguration;
			buildSettings = {
				ASSETCATALOG_COMPILER_APPICON_NAME = AppIcon;
				ASSETCATALOG_COMPILER_GLOBAL_ACCENT_COLOR_NAME = AccentColor;
				CODE_SIGN_STYLE = Automatic;
				CURRENT_PROJECT_VERSION = 1;
				DEVELOPMENT_TEAM = CKY7SLNY4G;
				GENERATE_INFOPLIST_FILE = YES;
				INFOPLIST_FILE = HotelsApp/Info.plist;
				INFOPLIST_KEY_UIApplicationSupportsIndirectInputEvents = YES;
				INFOPLIST_KEY_UILaunchStoryboardName = LaunchScreen;
				INFOPLIST_KEY_UISupportedInterfaceOrientations_iPad = "UIInterfaceOrientationPortrait UIInterfaceOrientationPortraitUpsideDown UIInterfaceOrientationLandscapeLeft UIInterfaceOrientationLandscapeRight";
				INFOPLIST_KEY_UISupportedInterfaceOrientations_iPhone = "UIInterfaceOrientationPortrait UIInterfaceOrientationLandscapeLeft UIInterfaceOrientationLandscapeRight";
				IPHONEOS_DEPLOYMENT_TARGET = 16.0;
				LD_RUNPATH_SEARCH_PATHS = (
					"$(inherited)",
					"@executable_path/Frameworks",
				);
				MARKETING_VERSION = 1.0;
				PRODUCT_BUNDLE_IDENTIFIER = lantsov.HotelsApp;
				PRODUCT_NAME = "$(TARGET_NAME)";
				SUPPORTED_PLATFORMS = "iphoneos iphonesimulator";
				SUPPORTS_MACCATALYST = NO;
				SUPPORTS_MAC_DESIGNED_FOR_IPHONE_IPAD = NO;
				SWIFT_EMIT_LOC_STRINGS = YES;
				SWIFT_VERSION = 5.0;
				TARGETED_DEVICE_FAMILY = "1,2";
			};
			name = Debug;
		};
		ADBD689F2AA63268005CC2E4 /* Release */ = {
			isa = XCBuildConfiguration;
			buildSettings = {
				ASSETCATALOG_COMPILER_APPICON_NAME = AppIcon;
				ASSETCATALOG_COMPILER_GLOBAL_ACCENT_COLOR_NAME = AccentColor;
				CODE_SIGN_STYLE = Automatic;
				CURRENT_PROJECT_VERSION = 1;
				DEVELOPMENT_TEAM = CKY7SLNY4G;
				GENERATE_INFOPLIST_FILE = YES;
				INFOPLIST_FILE = HotelsApp/Info.plist;
				INFOPLIST_KEY_UIApplicationSupportsIndirectInputEvents = YES;
				INFOPLIST_KEY_UILaunchStoryboardName = LaunchScreen;
				INFOPLIST_KEY_UISupportedInterfaceOrientations_iPad = "UIInterfaceOrientationPortrait UIInterfaceOrientationPortraitUpsideDown UIInterfaceOrientationLandscapeLeft UIInterfaceOrientationLandscapeRight";
				INFOPLIST_KEY_UISupportedInterfaceOrientations_iPhone = "UIInterfaceOrientationPortrait UIInterfaceOrientationLandscapeLeft UIInterfaceOrientationLandscapeRight";
				IPHONEOS_DEPLOYMENT_TARGET = 16.0;
				LD_RUNPATH_SEARCH_PATHS = (
					"$(inherited)",
					"@executable_path/Frameworks",
				);
				MARKETING_VERSION = 1.0;
				PRODUCT_BUNDLE_IDENTIFIER = lantsov.HotelsApp;
				PRODUCT_NAME = "$(TARGET_NAME)";
				SUPPORTED_PLATFORMS = "iphoneos iphonesimulator";
				SUPPORTS_MACCATALYST = NO;
				SUPPORTS_MAC_DESIGNED_FOR_IPHONE_IPAD = NO;
				SWIFT_EMIT_LOC_STRINGS = YES;
				SWIFT_VERSION = 5.0;
				TARGETED_DEVICE_FAMILY = "1,2";
			};
			name = Release;
		};
/* End XCBuildConfiguration section */

/* Begin XCConfigurationList section */
		ADBD68842AA63267005CC2E4 /* Build configuration list for PBXProject "HotelsApp" */ = {
			isa = XCConfigurationList;
			buildConfigurations = (
				ADBD689B2AA63268005CC2E4 /* Debug */,
				ADBD689C2AA63268005CC2E4 /* Release */,
			);
			defaultConfigurationIsVisible = 0;
			defaultConfigurationName = Release;
		};
		ADBD689D2AA63268005CC2E4 /* Build configuration list for PBXNativeTarget "HotelsApp" */ = {
			isa = XCConfigurationList;
			buildConfigurations = (
				ADBD689E2AA63268005CC2E4 /* Debug */,
				ADBD689F2AA63268005CC2E4 /* Release */,
			);
			defaultConfigurationIsVisible = 0;
			defaultConfigurationName = Release;
		};
/* End XCConfigurationList section */
	};
	rootObject = ADBD68812AA63267005CC2E4 /* Project object */;
}
